
Microsoft Visual Studio Solution File, Format Version 12.00
# Visual Studio Version 16
VisualStudioVersion = 16.0.29306.81
MinimumVisualStudioVersion = 10.0.40219.1
Project("{FAE04EC0-301F-11D3-BF4B-00C04F79EFBC}") = "ScreenOn", "ScreenOn\ScreenOn.csproj", "{4FA49E7C-5B86-4204-854C-DEC2FC13339A}"
EndProject
Global
	GlobalSection(SolutionConfigurationPlatforms) = preSolution
		Debug|Any CPU = Debug|Any CPU
		Release|Any CPU = Release|Any CPU
	EndGlobalSection
	GlobalSection(ProjectConfigurationPlatforms) = postSolution
		{4FA49E7C-5B86-4204-854C-DEC2FC13339A}.Debug|Any CPU.ActiveCfg = Debug|Any CPU
		{4FA49E7C-5B86-4204-854C-DEC2FC13339A}.Debug|Any CPU.Build.0 = Debug|Any CPU
		{4FA49E7C-5B86-4204-854C-DEC2FC13339A}.Release|Any CPU.ActiveCfg = Release|Any CPU
		{4FA49E7C-5B86-4204-854C-DEC2FC13339A}.Release|Any CPU.Build.0 = Release|Any CPU
	EndGlobalSection
	GlobalSection(SolutionProperties) = preSolution
		HideSolutionNode = FALSE
	EndGlobalSection
	GlobalSection(ExtensibilityGlobals) = postSolution
		SolutionGuid = {D966D524-1E54-4707-B433-E986A125AFE9}
	EndGlobalSection
EndGlobal
